{
  "originHash" : "657c021553ae9bad842aa924e92de5995cc54a2e89cd69bb97d754980c3fb778",
  "pins" : [
    {
      "identity" : "sparkle",
      "kind" : "remoteSourceControl",
      "location" : "https://github.com/sparkle-project/Sparkle",
      "state" : {
        "revision" : "ac2def288cbff5cfc7df3ffef6abdf45b72bcb0a",
        "version" : "2.9.6"
      }
    }
  ],
  "version" : 3
}
